
Microsoft Visual Studio Solution File, Format Version 12.00
# Visual Studio Version 17
VisualStudioVersion = 17.10.35013.160
MinimumVisualStudioVersion = 10.0.40219.1
Project("{FAE04EC0-301F-11D3-BF4B-00C04F79EFBC}") = "Shabbat", "Shabbat.csproj", "{CC968BF3-BE94-45CF-A65C-E88AA7229498}"
EndProject
Project("{9A19103F-16F7-4668-BE54-9A1E7A4F7556}") = "Learning_Console", "..\Learning_Console\Learning_Console.csproj", "{B3278938-27CF-49D6-876F-3863B2C9CC01}"
EndProject
Global
	GlobalSection(SolutionConfigurationPlatforms) = preSolution
		Debug|Any CPU = Debug|Any CPU
		Release|Any CPU = Release|Any CPU
	EndGlobalSection
	GlobalSection(ProjectConfigurationPlatforms) = postSolution
		{CC968BF3-BE94-45CF-A65C-E88AA7229498}.Debug|Any CPU.ActiveCfg = Debug|Any CPU
		{CC968BF3-BE94-45CF-A65C-E88AA7229498}.Debug|Any CPU.Build.0 = Debug|Any CPU
		{CC968BF3-BE94-45CF-A65C-E88AA7229498}.Release|Any CPU.ActiveCfg = Release|Any CPU
		{CC968BF3-BE94-45CF-A65C-E88AA7229498}.Release|Any CPU.Build.0 = Release|Any CPU
		{B3278938-27CF-49D6-876F-3863B2C9CC01}.Debug|Any CPU.ActiveCfg = Debug|Any CPU
		{B3278938-27CF-49D6-876F-3863B2C9CC01}.Debug|Any CPU.Build.0 = Debug|Any CPU
		{B3278938-27CF-49D6-876F-3863B2C9CC01}.Release|Any CPU.ActiveCfg = Release|Any CPU
		{B3278938-27CF-49D6-876F-3863B2C9CC01}.Release|Any CPU.Build.0 = Release|Any CPU
	EndGlobalSection
	GlobalSection(SolutionProperties) = preSolution
		HideSolutionNode = FALSE
	EndGlobalSection
	GlobalSection(ExtensibilityGlobals) = postSolution
		SolutionGuid = {CF9F733E-97B8-43D4-90A7-FA914AD79B21}
	EndGlobalSection
EndGlobal
