
Microsoft Visual Studio Solution File, Format Version 12.00
# Visual Studio Version 17
VisualStudioVersion = 17.10.35013.160
MinimumVisualStudioVersion = 10.0.40219.1
Project("{FAE04EC0-301F-11D3-BF4B-00C04F79EFBC}") = "Calculator", "Calculator.csproj", "{DE09BF18-3A33-462D-AB50-FF7291256D89}"
EndProject
Project("{FAE04EC0-301F-11D3-BF4B-00C04F79EFBC}") = "Employeelist", "..\Employeelist\Employeelist.csproj", "{C73EA318-A0E0-43A2-99A4-5AE721409764}"
EndProject
Project("{FAE04EC0-301F-11D3-BF4B-00C04F79EFBC}") = "Learning", "..\Learning\Learning.csproj", "{603FDCD1-402C-4C92-A958-09013E78C1C6}"
EndProject
Project("{FAE04EC0-301F-11D3-BF4B-00C04F79EFBC}") = "Learning_Console", "..\Learning_Console\Learning_Console.csproj", "{7882C734-E9DD-4D4E-A86B-CCD25D0EBA07}"
EndProject
Project("{FAE04EC0-301F-11D3-BF4B-00C04F79EFBC}") = "Amud", "..\Amud\Amud.csproj", "{AEBBAD28-093C-4DC4-97E7-117AC409DC0A}"
EndProject
Global
	GlobalSection(SolutionConfigurationPlatforms) = preSolution
		Debug|Any CPU = Debug|Any CPU
		Release|Any CPU = Release|Any CPU
	EndGlobalSection
	GlobalSection(ProjectConfigurationPlatforms) = postSolution
		{DE09BF18-3A33-462D-AB50-FF7291256D89}.Debug|Any CPU.ActiveCfg = Debug|Any CPU
		{DE09BF18-3A33-462D-AB50-FF7291256D89}.Debug|Any CPU.Build.0 = Debug|Any CPU
		{DE09BF18-3A33-462D-AB50-FF7291256D89}.Release|Any CPU.ActiveCfg = Release|Any CPU
		{DE09BF18-3A33-462D-AB50-FF7291256D89}.Release|Any CPU.Build.0 = Release|Any CPU
		{C73EA318-A0E0-43A2-99A4-5AE721409764}.Debug|Any CPU.ActiveCfg = Debug|Any CPU
		{C73EA318-A0E0-43A2-99A4-5AE721409764}.Debug|Any CPU.Build.0 = Debug|Any CPU
		{C73EA318-A0E0-43A2-99A4-5AE721409764}.Release|Any CPU.ActiveCfg = Release|Any CPU
		{C73EA318-A0E0-43A2-99A4-5AE721409764}.Release|Any CPU.Build.0 = Release|Any CPU
		{603FDCD1-402C-4C92-A958-09013E78C1C6}.Debug|Any CPU.ActiveCfg = Debug|Any CPU
		{603FDCD1-402C-4C92-A958-09013E78C1C6}.Debug|Any CPU.Build.0 = Debug|Any CPU
		{603FDCD1-402C-4C92-A958-09013E78C1C6}.Release|Any CPU.ActiveCfg = Release|Any CPU
		{603FDCD1-402C-4C92-A958-09013E78C1C6}.Release|Any CPU.Build.0 = Release|Any CPU
		{7882C734-E9DD-4D4E-A86B-CCD25D0EBA07}.Debug|Any CPU.ActiveCfg = Debug|Any CPU
		{7882C734-E9DD-4D4E-A86B-CCD25D0EBA07}.Debug|Any CPU.Build.0 = Debug|Any CPU
		{7882C734-E9DD-4D4E-A86B-CCD25D0EBA07}.Release|Any CPU.ActiveCfg = Release|Any CPU
		{7882C734-E9DD-4D4E-A86B-CCD25D0EBA07}.Release|Any CPU.Build.0 = Release|Any CPU
		{AEBBAD28-093C-4DC4-97E7-117AC409DC0A}.Debug|Any CPU.ActiveCfg = Debug|Any CPU
		{AEBBAD28-093C-4DC4-97E7-117AC409DC0A}.Debug|Any CPU.Build.0 = Debug|Any CPU
		{AEBBAD28-093C-4DC4-97E7-117AC409DC0A}.Release|Any CPU.ActiveCfg = Release|Any CPU
		{AEBBAD28-093C-4DC4-97E7-117AC409DC0A}.Release|Any CPU.Build.0 = Release|Any CPU
	EndGlobalSection
	GlobalSection(SolutionProperties) = preSolution
		HideSolutionNode = FALSE
	EndGlobalSection
	GlobalSection(ExtensibilityGlobals) = postSolution
		SolutionGuid = {3FFBC302-1E12-4878-AE52-483B74459B36}
	EndGlobalSection
EndGlobal
